{
  "version": "5",
  "specifiers": {
    "jsr:@loat-dev/lint-plugins@0.3.2": "0.3.2",
    "jsr:@loat-dev/lint-plugins@0.3.3": "0.3.3",
    "jsr:@loat-dev/lint-plugins@0.3.4": "0.3.4",
    "jsr:@loat-dev/lint-plugins@0.3.5": "0.3.5",
    "jsr:@loat-dev/lint-plugins@0.3.6": "0.3.6"
  },
  "jsr": {
    "@loat-dev/lint-plugins@0.3.2": {
      "integrity": "12e49bef9e133ceae4112a966c5683fd5259f7439a132969e31f79f126c3b56b"
    },
    "@loat-dev/lint-plugins@0.3.3": {
      "integrity": "5273069df08c0fee5185ffd41d2c05d6b81cf9f56b6c5bb6a6fa446d24cd6eec"
    },
    "@loat-dev/lint-plugins@0.3.4": {
      "integrity": "dfa269039c1fa71c4be44283309cd0bc043af54a5a0a31df8848fe571af26f7d"
    },
    "@loat-dev/lint-plugins@0.3.5": {
      "integrity": "eddc6ca3cc6d1bc319848208103cb6ec8efb5ebd2ea3ce70babfc253ef9f7563"
    },
    "@loat-dev/lint-plugins@0.3.6": {
      "integrity": "73434b50656dc99dc6dd5500c515557a6bf0085a2b61c59f44b213e2ce508fce"
    }
  }
}
